
Microsoft Visual Studio Solution File, Format Version 12.00
# Visual Studio Version 17
VisualStudioVersion = 17.1.32210.238
MinimumVisualStudioVersion = 10.0.40219.1
Project("{8BC9CEB8-8B4A-11D0-8D11-00A0C91BC942}") = "LabGraph", "LabGraph\LabGraph.vcxproj", "{931CF9B9-117A-42C3-9F83-DF69FC099820}"
EndProject
Global
	GlobalSection(SolutionConfigurationPlatforms) = preSolution
		Debug|x64 = Debug|x64
		Debug|x86 = Debug|x86
		Release|x64 = Release|x64
		Release|x86 = Release|x86
	EndGlobalSection
	GlobalSection(ProjectConfigurationPlatforms) = postSolution
		{931CF9B9-117A-42C3-9F83-DF69FC099820}.Debug|x64.ActiveCfg = Debug|x64
		{931CF9B9-117A-42C3-9F83-DF69FC099820}.Debug|x64.Build.0 = Debug|x64
		{931CF9B9-117A-42C3-9F83-DF69FC099820}.Debug|x86.ActiveCfg = Debug|Win32
		{931CF9B9-117A-42C3-9F83-DF69FC099820}.Debug|x86.Build.0 = Debug|Win32
		{931CF9B9-117A-42C3-9F83-DF69FC099820}.Release|x64.ActiveCfg = Release|x64
		{931CF9B9-117A-42C3-9F83-DF69FC099820}.Release|x64.Build.0 = Release|x64
		{931CF9B9-117A-42C3-9F83-DF69FC099820}.Release|x86.ActiveCfg = Release|Win32
		{931CF9B9-117A-42C3-9F83-DF69FC099820}.Release|x86.Build.0 = Release|Win32
	EndGlobalSection
	GlobalSection(SolutionProperties) = preSolution
		HideSolutionNode = FALSE
	EndGlobalSection
	GlobalSection(ExtensibilityGlobals) = postSolution
		SolutionGuid = {60A6100A-F683-42DC-8FBC-5F8D6E6EA457}
	EndGlobalSection
EndGlobal
